
Microsoft Visual Studio Solution File, Format Version 12.00
# Visual Studio Version 17
VisualStudioVersion = 17.9.34723.18
MinimumVisualStudioVersion = 10.0.40219.1
Project("{FAE04EC0-301F-11D3-BF4B-00C04F79EFBC}") = "treugolka", "treugolka\treugolka.csproj", "{643F942A-6559-4875-A923-1D6706726FB8}"
EndProject
Global
	GlobalSection(SolutionConfigurationPlatforms) = preSolution
		Debug|Any CPU = Debug|Any CPU
		Release|Any CPU = Release|Any CPU
	EndGlobalSection
	GlobalSection(ProjectConfigurationPlatforms) = postSolution
		{643F942A-6559-4875-A923-1D6706726FB8}.Debug|Any CPU.ActiveCfg = Debug|Any CPU
		{643F942A-6559-4875-A923-1D6706726FB8}.Debug|Any CPU.Build.0 = Debug|Any CPU
		{643F942A-6559-4875-A923-1D6706726FB8}.Release|Any CPU.ActiveCfg = Release|Any CPU
		{643F942A-6559-4875-A923-1D6706726FB8}.Release|Any CPU.Build.0 = Release|Any CPU
	EndGlobalSection
	GlobalSection(SolutionProperties) = preSolution
		HideSolutionNode = FALSE
	EndGlobalSection
	GlobalSection(ExtensibilityGlobals) = postSolution
		SolutionGuid = {5C6C992C-4B28-49EC-9BAF-F33F207AEA7B}
	EndGlobalSection
EndGlobal
